[[package]]
name = "appdirs"
version = "1.4.4"
description = "A small Python module for determining appropriate platform-specific dirs, e.g. a \"user data dir\"."
category = "dev"
optional = false
python-versions = "*"

[[package]]
name = "black"
version = "21.7b0"
description = "The uncompromising code formatter."
category = "dev"
optional = false
python-versions = ">=3.6.2"

[package.dependencies]
appdirs = "*"
click = ">=7.1.2"
mypy-extensions = ">=0.4.3"
pathspec = ">=0.8.1,<1"
regex = ">=2020.1.8"
tomli = ">=0.2.6,<2.0.0"
typed-ast = {version = ">=1.4.2", markers = "python_version < \"3.8\""}
typing-extensions = {version = ">=3.7.4", markers = "python_version < \"3.8\""}

[package.extras]
colorama = ["colorama (>=0.4.3)"]
d = ["aiohttp (>=3.6.0)", "aiohttp-cors (>=0.4.0)"]
python2 = ["typed-ast (>=1.4.2)"]
uvloop = ["uvloop (>=0.15.2)"]

[[package]]
name = "click"
version = "8.0.1"
description = "Composable command line interface toolkit"
category = "dev"
optional = false
python-versions = ">=3.6"

[package.dependencies]
colorama = {version = "*", markers = "platform_system == \"Windows\""}
importlib-metadata = {version = "*", markers = "python_version < \"3.8\""}

[[package]]
name = "colorama"
version = "0.4.4"
description = "Cross-platform colored terminal text."
category = "dev"
optional = false
python-versions = ">=2.7, !=3.0.*, !=3.1.*, !=3.2.*, !=3.3.*, !=3.4.*"

[[package]]
name = "cramjam"
version = "2.3.2"
description = "Thin Python bindings to de/compression algorithms in Rust"
category = "main"
optional = false
python-versions = "*"

[[package]]
name = "duckdb"
version = "0.2.8"
description = "DuckDB embedded database"
category = "main"
optional = false
python-versions = "*"

[package.dependencies]
numpy = ">=1.14"

[[package]]
name = "fastparquet"
version = "0.7.1"
description = "Python support for Parquet file format"
category = "main"
optional = false
python-versions = ">=3.6,"

[package.dependencies]
cramjam = ">=2.3.0"
fsspec = "*"
numpy = ">=1.18"
pandas = ">=1.1.0"
thrift = ">=0.11.0"

[package.extras]
lzo = ["python-lzo"]

[[package]]
name = "fsspec"
version = "2021.7.0"
description = "File-system specification"
category = "main"
optional = false
python-versions = ">=3.6"

[package.extras]
abfs = ["adlfs"]
adl = ["adlfs"]
dask = ["dask", "distributed"]
dropbox = ["dropboxdrivefs", "requests", "dropbox"]
entrypoints = ["importlib-metadata"]
gcs = ["gcsfs"]
git = ["pygit2"]
github = ["requests"]
gs = ["gcsfs"]
hdfs = ["pyarrow (>=1)"]
http = ["requests", "aiohttp"]
s3 = ["s3fs"]
sftp = ["paramiko"]
smb = ["smbprotocol"]
ssh = ["paramiko"]

[[package]]
name = "importlib-metadata"
version = "4.6.4"
description = "Read metadata from Python packages"
category = "dev"
optional = false
python-versions = ">=3.6"

[package.dependencies]
typing-extensions = {version = ">=3.6.4", markers = "python_version < \"3.8\""}
zipp = ">=0.5"

[package.extras]
docs = ["sphinx", "jaraco.packaging (>=8.2)", "rst.linker (>=1.9)"]
perf = ["ipython"]
testing = ["pytest (>=4.6)", "pytest-checkdocs (>=2.4)", "pytest-flake8", "pytest-cov", "pytest-enabler (>=1.0.1)", "packaging", "pep517", "pyfakefs", "flufl.flake8", "pytest-perf (>=0.9.2)", "pytest-black (>=0.3.7)", "pytest-mypy", "importlib-resources (>=1.3)"]

[[package]]
name = "mypy-extensions"
version = "0.4.3"
description = "Experimental type system extensions for programs checked with the mypy typechecker."
category = "dev"
optional = false
python-versions = "*"

[[package]]
name = "numpy"
version = "1.21.1"
description = "NumPy is the fundamental package for array computing with Python."
category = "main"
optional = false
python-versions = ">=3.7"

[[package]]
name = "pandas"
version = "1.3.2"
description = "Powerful data structures for data analysis, time series, and statistics"
category = "main"
optional = false
python-versions = ">=3.7.1"

[package.dependencies]
numpy = ">=1.17.3"
python-dateutil = ">=2.7.3"
pytz = ">=2017.3"

[package.extras]
test = ["hypothesis (>=3.58)", "pytest (>=6.0)", "pytest-xdist"]

[[package]]
name = "pathspec"
version = "0.9.0"
description = "Utility library for gitignore style pattern matching of file paths."
category = "dev"
optional = false
python-versions = "!=3.0.*,!=3.1.*,!=3.2.*,!=3.3.*,!=3.4.*,>=2.7"

[[package]]
name = "python-dateutil"
version = "2.8.2"
description = "Extensions to the standard Python datetime module"
category = "main"
optional = false
python-versions = "!=3.0.*,!=3.1.*,!=3.2.*,>=2.7"

[package.dependencies]
six = ">=1.5"

[[package]]
name = "pytz"
version = "2021.1"
description = "World timezone definitions, modern and historical"
category = "main"
optional = false
python-versions = "*"

[[package]]
name = "regex"
version = "2021.8.21"
description = "Alternative regular expression module, to replace re."
category = "dev"
optional = false
python-versions = "*"

[[package]]
name = "six"
version = "1.16.0"
description = "Python 2 and 3 compatibility utilities"
category = "main"
optional = false
python-versions = ">=2.7, !=3.0.*, !=3.1.*, !=3.2.*"

[[package]]
name = "thrift"
version = "0.13.0"
description = "Python bindings for the Apache Thrift RPC system"
category = "main"
optional = false
python-versions = "*"

[package.dependencies]
six = ">=1.7.2"

[package.extras]
all = ["tornado (>=4.0)", "twisted"]
tornado = ["tornado (>=4.0)"]
twisted = ["twisted"]

[[package]]
name = "tomli"
version = "1.2.1"
description = "A lil' TOML parser"
category = "dev"
optional = false
python-versions = ">=3.6"

[[package]]
name = "typed-ast"
version = "1.4.3"
description = "a fork of Python 2 and 3 ast modules with type comment support"
category = "dev"
optional = false
python-versions = "*"

[[package]]
name = "typing-extensions"
version = "3.10.0.0"
description = "Backported and Experimental Type Hints for Python 3.5+"
category = "dev"
optional = false
python-versions = "*"

[[package]]
name = "zipp"
version = "3.5.0"
description = "Backport of pathlib-compatible object wrapper for zip files"
category = "dev"
optional = false
python-versions = ">=3.6"

[package.extras]
docs = ["sphinx", "jaraco.packaging (>=8.2)", "rst.linker (>=1.9)"]
testing = ["pytest (>=4.6)", "pytest-checkdocs (>=2.4)", "pytest-flake8", "pytest-cov", "pytest-enabler (>=1.0.1)", "jaraco.itertools", "func-timeout", "pytest-black (>=0.3.7)", "pytest-mypy"]

[metadata]
lock-version = "1.1"
python-versions = "^3.7.1"
content-hash = "76b0fd70057639f0ff7051c63fdd87f2268a0b2421f46f3c0c27d1d535ee42ad"

[metadata.files]
appdirs = [
    {file = "appdirs-1.4.4-py2.py3-none-any.whl", hash = "sha256:a841dacd6b99318a741b166adb07e19ee71a274450e68237b4650ca1055ab128"},
    {file = "appdirs-1.4.4.tar.gz", hash = "sha256:7d5d0167b2b1ba821647616af46a749d1c653740dd0d2415100fe26e27afdf41"},
]
black = [
    {file = "black-21.7b0-py3-none-any.whl", hash = "sha256:1c7aa6ada8ee864db745b22790a32f94b2795c253a75d6d9b5e439ff10d23116"},
    {file = "black-21.7b0.tar.gz", hash = "sha256:c8373c6491de9362e39271630b65b964607bc5c79c83783547d76c839b3aa219"},
]
click = [
    {file = "click-8.0.1-py3-none-any.whl", hash = "sha256:fba402a4a47334742d782209a7c79bc448911afe1149d07bdabdf480b3e2f4b6"},
    {file = "click-8.0.1.tar.gz", hash = "sha256:8c04c11192119b1ef78ea049e0a6f0463e4c48ef00a30160c704337586f3ad7a"},
]
colorama = [
    {file = "colorama-0.4.4-py2.py3-none-any.whl", hash = "sha256:9f47eda37229f68eee03b24b9748937c7dc3868f906e8ba69fbcbdd3bc5dc3e2"},
    {file = "colorama-0.4.4.tar.gz", hash = "sha256:5941b2b48a20143d2267e95b1c2a7603ce057ee39fd88e7329b0c292aa16869b"},
]
cramjam = [
    {file = "cramjam-2.3.2-cp36-cp36m-macosx_10_7_x86_64.whl", hash = "sha256:42c3160ac0f45ce738afbd7b05707676cce7407d3a4822712b4b64cbeeedb44d"},
    {file = "cramjam-2.3.2-cp36-cp36m-macosx_10_9_x86_64.macosx_11_0_arm64.macosx_10_9_universal2.whl", hash = "sha256:25f6a528f3cfe0208bc9a3c6fd52ced548f97320587dcfc65f222738b103eeeb"},
    {file = "cramjam-2.3.2-cp36-cp36m-manylinux_2_17_aarch64.manylinux2014_aarch64.whl", hash = "sha256:5aab31d6ea40109ebe907e469d585ec6323a50ac9b0d5d3a28b8633986d24d17"},
    {file = "cramjam-2.3.2-cp36-cp36m-manylinux_2_17_armv7l.manylinux2014_armv7l.whl", hash = "sha256:a5e5d8056afac7ebacb07b0c91921c9646110a6aec85fd5d05f377753ded4065"},
    {file = "cramjam-2.3.2-cp36-cp36m-manylinux_2_17_ppc64.manylinux2014_ppc64.whl", hash = "sha256:cc3959e7feff236168b745498c8d27bb6ae449fe01125c875f922b2bb107db4a"},
    {file = "cramjam-2.3.2-cp36-cp36m-manylinux_2_17_ppc64le.manylinux2014_ppc64le.whl", hash = "sha256:a333f4c98a9b3554f4b0b65d6fbc7bf0504696e6e6ed08e58756f99f8e00143b"},
    {file = "cramjam-2.3.2-cp36-cp36m-manylinux_2_17_s390x.manylinux2014_s390x.whl", hash = "sha256:07801666746fe3ecd6ee16dc87fe37791773f18bf96c8ca4c4a3d0613d5c0002"},
    {file = "cramjam-2.3.2-cp36-cp36m-manylinux_2_5_i686.manylinux1_i686.whl", hash = "sha256:d32ba0cf19af94ae14ef5a3210604f5bfab44b67aafb0a9ac9dacb8e5a0958f4"},
    {file = "cramjam-2.3.2-cp36-cp36m-manylinux_2_5_x86_64.manylinux1_x86_64.whl", hash = "sha256:7c8f4572b092d4c7c6b8645dc3efd7024444a9534c0d23df2f037825bfedee6a"},
    {file = "cramjam-2.3.2-cp36-none-win32.whl", hash = "sha256:aef94c8a2277a245d94ffcca103f8ed90a8b685786bbc75270cacc435a463fbb"},
    {file = "cramjam-2.3.2-cp36-none-win_amd64.whl", hash = "sha256:62b32a2c711b8febae8a2290e152cd3bb77551250be0870ff0697120bc120cc5"},
    {file = "cramjam-2.3.2-cp37-cp37m-macosx_10_7_x86_64.whl", hash = "sha256:a76de577415e7c1b73bc00d7039c73e8c31e05aa13d932210a5450927a256715"},
    {file = "cramjam-2.3.2-cp37-cp37m-macosx_10_9_x86_64.macosx_11_0_arm64.macosx_10_9_universal2.whl", hash = "sha256:1e8371769b9f0852ee98e1c28bedc25653525fcd7a593ab4d74961c9899b1fd4"},
    {file = "cramjam-2.3.2-cp37-cp37m-manylinux_2_17_aarch64.manylinux2014_aarch64.whl", hash = "sha256:39a1d3abddbe76d0aeb8d60873a9b211f67a99b1b855f77800010d227b764437"},
    {file = "cramjam-2.3.2-cp37-cp37m-manylinux_2_17_armv7l.manylinux2014_armv7l.whl", hash = "sha256:0835812249e06c27f0b74ed1c720e087ab08f0c539971b9ac62ed771cd55aabd"},
    {file = "cramjam-2.3.2-cp37-cp37m-manylinux_2_17_ppc64.manylinux2014_ppc64.whl", hash = "sha256:c3339ab2ec6b268fbb6682e00763d4f8cab85fdb48a8f032d9b8bc350ef6f70c"},
    {file = "cramjam-2.3.2-cp37-cp37m-manylinux_2_17_ppc64le.manylinux2014_ppc64le.whl", hash = "sha256:aab8938586450b53b62dd8e188f0da93585cb913a24c43278d87c87ebb5a702d"},
    {file = "cramjam-2.3.2-cp37-cp37m-manylinux_2_17_s390x.manylinux2014_s390x.whl", hash = "sha256:4ca0078f5af8c24c88613af0e660a6443291b7243cb91648c47aedf3de66949a"},
    {file = "cramjam-2.3.2-cp37-cp37m-manylinux_2_5_i686.manylinux1_i686.whl", hash = "sha256:8d695f5ccfa32e9cd3494f69015a45ea64cefa4a98ef6ebe0ec5c57f633abf7c"},
    {file = "cramjam-2.3.2-cp37-cp37m-manylinux_2_5_x86_64.manylinux1_x86_64.whl", hash = "sha256:b5aeecb4ee4e810665fde963d601681ccc3b47d5a4dee5957778983f5eae5a5b"},
    {file = "cramjam-2.3.2-cp37-none-win32.whl", hash = "sha256:ff80b3e0d7cc73adf7866ab379e218065f55bdb924d7e1a60d3a406bb8c63690"},
    {file = "cramjam-2.3.2-cp37-none-win_amd64.whl", hash = "sha256:7e2978dd7a6abef94e0520eb09c04be918509ed54c8e4f788bbc2cd65f491c22"},
    {file = "cramjam-2.3.2-cp38-cp38-macosx_10_7_x86_64.whl", hash = "sha256:86f924b9b5ddd11a1f69256135f03dcdd58505f6693cd516872becb86e4d20e2"},
    {file = "cramjam-2.3.2-cp38-cp38-macosx_10_9_x86_64.macosx_11_0_arm64.macosx_10_9_universal2.whl", hash = "sha256:54d009e923aec8f2593652e7b4069ef550c4788ea6e31b3d0d21de5cc0aab994"},
    {file = "cramjam-2.3.2-cp38-cp38-manylinux_2_17_aarch64.manylinux2014_aarch64.whl", hash = "sha256:562b0ce0aacc5a024ab7b234c27677c5e4f1a67098571833ce7dd01091c3245f"},
    {file = "cramjam-2.3.2-cp38-cp38-manylinux_2_17_armv7l.manylinux2014_armv7l.whl", hash = "sha256:30e0ff6c279fcd9093453870fe07144da842ae1bfc6d12d19cb0b413499cb67a"},
    {file = "cramjam-2.3.2-cp38-cp38-manylinux_2_17_ppc64.manylinux2014_ppc64.whl", hash = "sha256:389b9fd2ace9ac0259cd7feb991fd12009b11cb7479ebb8f2cd5fd12d226ba5a"},
    {file = "cramjam-2.3.2-cp38-cp38-manylinux_2_17_ppc64le.manylinux2014_ppc64le.whl", hash = "sha256:1c0da5a861c0479dd67e5189ac181f97cbc8a7de1379586140d068df117be2d7"},
    {file = "cramjam-2.3.2-cp38-cp38-manylinux_2_17_s390x.manylinux2014_s390x.whl", hash = "sha256:6264c6c20db44dee174dc371eb1f96a8a609a697c0674edd89fa89f2c4ff850b"},
    {file = "cramjam-2.3.2-cp38-cp38-manylinux_2_5_i686.manylinux1_i686.whl", hash = "sha256:aad581145a88e94990739f10c6b3d222b49f49ae186d2a97e8c1cf33808b3a9e"},
    {file = "cramjam-2.3.2-cp38-cp38-manylinux_2_5_x86_64.manylinux1_x86_64.whl", hash = "sha256:8288e93da0342409ba87800ae94adc6423e4eba23034798b62e9e970bfd69821"},
    {file = "cramjam-2.3.2-cp38-none-win32.whl", hash = "sha256:246326ab67ffc550956b23c2b6c50799cb4d8f8ec5dfb64cc11d1176e02aff8e"},
    {file = "cramjam-2.3.2-cp38-none-win_amd64.whl", hash = "sha256:5c4ee32695d4c21286de05ad70b0a3801166afa92be4d4380b8229aad00203ee"},
    {file = "cramjam-2.3.2-cp39-cp39-macosx_10_7_x86_64.whl", hash = "sha256:46308e630eac38f2b5b7c8340626d5b3e8a1005eb0a48987031f48936bc7b092"},
    {file = "cramjam-2.3.2-cp39-cp39-macosx_10_9_x86_64.macosx_11_0_arm64.macosx_10_9_universal2.whl", hash = "sha256:c49e30216cf3a7eab9965b7ef17c6e9d7246c1c85f993a7edecc6655b93b2bba"},
    {file = "cramjam-2.3.2-cp39-cp39-manylinux_2_17_aarch64.manylinux2014_aarch64.whl", hash = "sha256:af75ad591fefb3064c4534178bbd5439c42619c3244493d57bf7c3debbe39711"},
    {file = "cramjam-2.3.2-cp39-cp39-manylinux_2_17_armv7l.manylinux2014_armv7l.whl", hash = "sha256:94bdb1f8f08dada19ac424ce299e9e30c261a4822b1c466dd9a726ea4bf068a1"},
    {file = "cramjam-2.3.2-cp39-cp39-manylinux_2_17_ppc64.manylinux2014_ppc64.whl", hash = "sha256:224a27a54beb5d46fda86c57db066e6dae68dd16d9fb16e04c6ea73268792a0e"},
    {file = "cramjam-2.3.2-cp39-cp39-manylinux_2_17_ppc64le.manylinux2014_ppc64le.whl", hash = "sha256:ddf2f06095b76ab6a5cface8e2b6e3a9ac0655aed36692a42067bf1fef123401"},
    {file = "cramjam-2.3.2-cp39-cp39-manylinux_2_17_s390x.manylinux2014_s390x.whl", hash = "sha256:c631650b0a8983cc7cb9807c6b35807ac1d4c6664183d1ee0595193399ee46b1"},
    {file = "cramjam-2.3.2-cp39-cp39-manylinux_2_5_i686.manylinux1_i686.whl", hash = "sha256:214f98e4cdcc64ab797e7e4bb729f79b1d80a125d157578a2e7e16884a2e435b"},
    {file = "cramjam-2.3.2-cp39-cp39-manylinux_2_5_x86_64.manylinux1_x86_64.whl", hash = "sha256:fb81d8eecaacedca852a7466df866d20b633bf202eb556f10c875c9be49a005a"},
    {file = "cramjam-2.3.2-cp39-none-win32.whl", hash = "sha256:a667b905de1f3fa7baea20c77a36e6cde506fe899347bf9cc935c370d88c6aa9"},
    {file = "cramjam-2.3.2-cp39-none-win_amd64.whl", hash = "sha256:8a1294e5799fd0a71f97663067378863506b7913d1cf4508ae02851c4c61f98b"},
    {file = "cramjam-2.3.2-pp36-pypy36_pp73-macosx_10_7_x86_64.whl", hash = "sha256:2a799b7b7bda49e3e7da4a015c8e48b6558f448caf0eafcb01c9589728b3f163"},
    {file = "cramjam-2.3.2-pp36-pypy36_pp73-manylinux2010_x86_64.whl", hash = "sha256:0555c96c6bead011af0c9117c9295d4bd12bb82caa466c83ffb18e95a2f66954"},
    {file = "cramjam-2.3.2.tar.gz", hash = "sha256:577955f1510d99df0e4d61379c3f05568f594f91e12bc6a7e147d0abfa643a3b"},
]
duckdb = [
    {file = "duckdb-0.2.8-cp36-cp36m-macosx_10_9_x86_64.whl", hash = "sha256:bd88b503bff1afadeda5862ce96c252a19758bcb9d91cdad1bac093b11e511b0"},
    {file = "duckdb-0.2.8-cp36-cp36m-manylinux_2_12_i686.manylinux2010_i686.whl", hash = "sha256:fdf39c773ad643d251c62fef4223b51a9c218d269696763e369c11e939d59074"},
    {file = "duckdb-0.2.8-cp36-cp36m-manylinux_2_12_x86_64.manylinux2010_x86_64.whl", hash = "sha256:9ede2a89b6b786c70c1f4cf5b490dc084699175b7bd14929ee15005bd963b892"},
    {file = "duckdb-0.2.8-cp36-cp36m-win32.whl", hash = "sha256:4ef141dcd78583c0c84374dd6b3bac2057d0bbf38a6dce69d1d07f345f0c5e14"},
    {file = "duckdb-0.2.8-cp36-cp36m-win_amd64.whl", hash = "sha256:c3d3c6ab813f5033f36f5886e659653e947f145bc47e6332f5167397bc69b42f"},
    {file = "duckdb-0.2.8-cp37-cp37m-macosx_10_9_x86_64.whl", hash = "sha256:72feb2025676d35e02b190457e48c73bb10bb26181aee1bc6b54b8e8a6379b42"},
    {file = "duckdb-0.2.8-cp37-cp37m-manylinux_2_12_i686.manylinux2010_i686.whl", hash = "sha256:9331ca33dc58b6f09283ea846705fd42f7b13e2ac2efe8d6c1d9d89d118d9793"},
    {file = "duckdb-0.2.8-cp37-cp37m-manylinux_2_12_x86_64.manylinux2010_x86_64.whl", hash = "sha256:ee17e1fd5db335faa5d2fd447a5d35bf1bf0693b15f6d71781eb474d67b05f15"},
    {file = "duckdb-0.2.8-cp37-cp37m-win32.whl", hash = "sha256:e10eae0072e0da2e2a9cc431072607ef319a0b6a379bb5470f81c6386e2e52da"},
    {file = "duckdb-0.2.8-cp37-cp37m-win_amd64.whl", hash = "sha256:a5b948e03cce51d0e2af71f3e70f008e158132ee1e40fd21e8934991cc407e89"},
    {file = "duckdb-0.2.8-cp38-cp38-macosx_10_9_universal2.whl", hash = "sha256:73b5f4613cebf75fe5b281635ff29f22c1b497e8b44a4fa75152b779214c5908"},
    {file = "duckdb-0.2.8-cp38-cp38-macosx_10_9_x86_64.whl", hash = "sha256:5ab7d231bbc6d6064e8ebdf05a4caab5c1d3c03e60b87830c314239f8c481e9c"},
    {file = "duckdb-0.2.8-cp38-cp38-macosx_11_0_arm64.whl", hash = "sha256:f78cb8cc417a02355e97709c795fce3309a2ac61e634e47b66d4b72665f7a9cd"},
    {file = "duckdb-0.2.8-cp38-cp38-manylinux_2_12_i686.manylinux2010_i686.whl", hash = "sha256:d5ef8861bbc9c8b4978a39f4f5889fc7b357cc8144b40c1d50d73e7f81c2aed7"},
    {file = "duckdb-0.2.8-cp38-cp38-manylinux_2_12_x86_64.manylinux2010_x86_64.whl", hash = "sha256:e217524cc7dc9dcb1484d95e3d66184272b63b857827470d9138e3c6c7832a38"},
    {file = "duckdb-0.2.8-cp38-cp38-win32.whl", hash = "sha256:c183cba6cf3997ef8ada0e1109422b8331b04a12616ef323c6c36a0539b33f58"},
    {file = "duckdb-0.2.8-cp38-cp38-win_amd64.whl", hash = "sha256:9cc78e9552e3b68b0aa5e2eb16601617ee7530fbc8f21c22c2afd8ef0e3562d0"},
    {file = "duckdb-0.2.8-cp39-cp39-macosx_10_9_universal2.whl", hash = "sha256:643fe18ddeb63ce806d9a392edaeca25050f2298e12f1a7724a29a349b053233"},
    {file = "duckdb-0.2.8-cp39-cp39-macosx_10_9_x86_64.whl", hash = "sha256:2b1d937ebfe3fc838037f88f7c713536dd365fc0576e38197ae8a6b7039bba3a"},
    {file = "duckdb-0.2.8-cp39-cp39-macosx_11_0_arm64.whl", hash = "sha256:03226d7b046375f8c248b3b629f6de998ce41f301eaecba9cc1a4eb38ffc01d4"},
    {file = "duckdb-0.2.8-cp39-cp39-manylinux_2_12_i686.manylinux2010_i686.whl", hash = "sha256:120fecd1feecaa1c631549dcd53bf89f38bd288cfb3a7f6831cc5cacdd6962fe"},
    {file = "duckdb-0.2.8-cp39-cp39-manylinux_2_12_x86_64.manylinux2010_x86_64.whl", hash = "sha256:78ceea70e7ae9e529b7723e9fb04ab8e07e129f24f2ade5cfe43d5c381372904"},
    {file = "duckdb-0.2.8-cp39-cp39-win32.whl", hash = "sha256:2fbaa5bbb0350cd529e4ee41538f88e0779c6be094fc9f337e6c08df4f5c1e46"},
    {file = "duckdb-0.2.8-cp39-cp39-win_amd64.whl", hash = "sha256:687b508257eb78832b0f4a4b0f5d0f196b28e321b4b63a272455bd046e519794"},
    {file = "duckdb-0.2.8.tar.gz", hash = "sha256:a089f1df7bda479c642d10d73aaa3f546964826ef5f6c34d040e637ad61b9e03"},
]
fastparquet = [
    {file = "fastparquet-0.7.1-cp36-cp36m-manylinux1_i686.whl", hash = "sha256:458d42309a78828def2f2cdacda0dc22241e09841acb6ec280b26c9a6c1d092a"},
    {file = "fastparquet-0.7.1-cp36-cp36m-manylinux1_x86_64.whl", hash = "sha256:92b9444924ea24f6165d9861bd7cea63aeef807350b76591b5905882b2acc3ed"},
    {file = "fastparquet-0.7.1-cp36-cp36m-manylinux2010_i686.whl", hash = "sha256:976d30c6ea19f57d31bfbe8cc1082c008129735a123a7880edcc17863bb57535"},
    {file = "fastparquet-0.7.1-cp36-cp36m-manylinux2010_x86_64.whl", hash = "sha256:e43f3685c96506e5cbbfe8959cdd0981889023629862249476e666b700922d72"},
    {file = "fastparquet-0.7.1-cp36-cp36m-manylinux2014_aarch64.whl", hash = "sha256:7fd46411044c2ade874f8c78250fa4103cb6ae77b4ae479f91b819ba5034233d"},
    {file = "fastparquet-0.7.1-cp36-cp36m-win_amd64.whl", hash = "sha256:911835b1b38e97c78406307539cda009b74aa4ca1736466cea53037409d25220"},
    {file = "fastparquet-0.7.1-cp37-cp37m-manylinux1_i686.whl", hash = "sha256:725ae478a25c2ffdacc028885375e5e4310879521da9bbda56acf724d3744519"},
    {file = "fastparquet-0.7.1-cp37-cp37m-manylinux1_x86_64.whl", hash = "sha256:bf705af4b0db6ab389ec4fe420a7c2b28fc254c2ab5f362847e35721e96da01f"},
    {file = "fastparquet-0.7.1-cp37-cp37m-manylinux2010_i686.whl", hash = "sha256:b10ba5dcdbd24b61ec19b1e3acf85ae5941c867a28e36b77259ac17fdecc2b42"},
    {file = "fastparquet-0.7.1-cp37-cp37m-manylinux2010_x86_64.whl", hash = "sha256:a3daf01b1ee5e032dbdc7d622ab3ab9b6d9858595d3925e84d6c99d7c2663dc9"},
    {file = "fastparquet-0.7.1-cp37-cp37m-manylinux2014_aarch64.whl", hash = "sha256:1f0b0f3db80ad385eb1448401cd1eefc434f7498ab3fbf58487ba34c1b088f36"},
    {file = "fastparquet-0.7.1-cp37-cp37m-win_amd64.whl", hash = "sha256:dc9850f86205bcd42dc74ac6e81aaad0f70c8caee08f9fbf9f0cf0f105e9bf86"},
    {file = "fastparquet-0.7.1-cp38-cp38-manylinux1_i686.whl", hash = "sha256:8123bea3f87bbba1f1c679e341a35ed39781e406ed15295444ddc961f5e0fa6c"},
    {file = "fastparquet-0.7.1-cp38-cp38-manylinux1_x86_64.whl", hash = "sha256:b8a3dfb7a4ad1289c8e135b7f8e98a95740e06db450553a2c0b387d5d7fc569f"},
    {file = "fastparquet-0.7.1-cp38-cp38-manylinux2010_i686.whl", hash = "sha256:d5ab21daf254dd2fed517a6cee7e208778f9ada030d9f81b60ba673c000d4c3b"},
    {file = "fastparquet-0.7.1-cp38-cp38-manylinux2010_x86_64.whl", hash = "sha256:2407ed069ea707eec617748e9abe63a7fd0bd0caff8f5b76ff98131afc684454"},
    {file = "fastparquet-0.7.1-cp38-cp38-manylinux2014_aarch64.whl", hash = "sha256:d000f166188bd1b4eb0857ed1e80498865ac7cfc353150d7b93036e21a16c3a4"},
    {file = "fastparquet-0.7.1-cp38-cp38-win_amd64.whl", hash = "sha256:dd4a66d3325372e0b23d6eccd5edb5871cc0965ca678109c57d8b4b8f6254060"},
    {file = "fastparquet-0.7.1-cp39-cp39-manylinux1_i686.whl", hash = "sha256:c57e166122c0e8f4813f1c111aed1442bb0e018a9e11ef8b1246847fac4ac9c6"},
    {file = "fastparquet-0.7.1-cp39-cp39-manylinux1_x86_64.whl", hash = "sha256:74dd496476dcbedd3038f09770118dfd3a6bef4088ddaeacd9fe62b6f8d6f104"},
    {file = "fastparquet-0.7.1-cp39-cp39-manylinux2010_i686.whl", hash = "sha256:901d8b1f3f04ca45c75742207e001596d862be5fd44f8f616f72d7a82bcbf271"},
    {file = "fastparquet-0.7.1-cp39-cp39-manylinux2010_x86_64.whl", hash = "sha256:9ce7b1dae71c262808c9a834facd7776bdb1b8583646eb60acae01b35e8a92e9"},
    {file = "fastparquet-0.7.1-cp39-cp39-manylinux2014_aarch64.whl", hash = "sha256:d354c1e521a2fb933d7308c5ff1f40131a43c9ee17ae534614afcefa48530f1c"},
    {file = "fastparquet-0.7.1-cp39-cp39-win_amd64.whl", hash = "sha256:183d159a3fde3237210e35f3b4ad98ccb7883310d2460f3090e8278f2f9ea916"},
    {file = "fastparquet-0.7.1.tar.gz", hash = "sha256:3b8906f3aa94539e2849927fae572c93d9ed229ecf39032f0a42b47e06dfb569"},
]
fsspec = [
    {file = "fsspec-2021.7.0-py3-none-any.whl", hash = "sha256:86822ccf367da99957f49db64f7d5fd3d8d21444fac4dfdc8ebc38ee93d478c6"},
    {file = "fsspec-2021.7.0.tar.gz", hash = "sha256:792ebd3b54de0b30f1ce73f0ba0a8bcc864724f2d9f248cb8d0ece47db0cbde8"},
]
importlib-metadata = [
    {file = "importlib_metadata-4.6.4-py3-none-any.whl", hash = "sha256:ed5157fef23a4bc4594615a0dd8eba94b2bb36bf2a343fa3d8bb2fa0a62a99d5"},
    {file = "importlib_metadata-4.6.4.tar.gz", hash = "sha256:7b30a78db2922d78a6f47fb30683156a14f3c6aa5cc23f77cc8967e9ab2d002f"},
]
mypy-extensions = [
    {file = "mypy_extensions-0.4.3-py2.py3-none-any.whl", hash = "sha256:090fedd75945a69ae91ce1303b5824f428daf5a028d2f6ab8a299250a846f15d"},
    {file = "mypy_extensions-0.4.3.tar.gz", hash = "sha256:2d82818f5bb3e369420cb3c4060a7970edba416647068eb4c5343488a6c604a8"},
]
numpy = [
    {file = "numpy-1.21.1-cp37-cp37m-macosx_10_9_x86_64.whl", hash = "sha256:38e8648f9449a549a7dfe8d8755a5979b45b3538520d1e735637ef28e8c2dc50"},
    {file = "numpy-1.21.1-cp37-cp37m-manylinux_2_12_i686.manylinux2010_i686.whl", hash = "sha256:fd7d7409fa643a91d0a05c7554dd68aa9c9bb16e186f6ccfe40d6e003156e33a"},
    {file = "numpy-1.21.1-cp37-cp37m-manylinux_2_12_x86_64.manylinux2010_x86_64.whl", hash = "sha256:a75b4498b1e93d8b700282dc8e655b8bd559c0904b3910b144646dbbbc03e062"},
    {file = "numpy-1.21.1-cp37-cp37m-manylinux_2_17_aarch64.manylinux2014_aarch64.whl", hash = "sha256:1412aa0aec3e00bc23fbb8664d76552b4efde98fb71f60737c83efbac24112f1"},
    {file = "numpy-1.21.1-cp37-cp37m-manylinux_2_5_i686.manylinux1_i686.whl", hash = "sha256:e46ceaff65609b5399163de5893d8f2a82d3c77d5e56d976c8b5fb01faa6b671"},
    {file = "numpy-1.21.1-cp37-cp37m-manylinux_2_5_x86_64.manylinux1_x86_64.whl", hash = "sha256:c6a2324085dd52f96498419ba95b5777e40b6bcbc20088fddb9e8cbb58885e8e"},
    {file = "numpy-1.21.1-cp37-cp37m-win32.whl", hash = "sha256:73101b2a1fef16602696d133db402a7e7586654682244344b8329cdcbbb82172"},
    {file = "numpy-1.21.1-cp37-cp37m-win_amd64.whl", hash = "sha256:7a708a79c9a9d26904d1cca8d383bf869edf6f8e7650d85dbc77b041e8c5a0f8"},
    {file = "numpy-1.21.1-cp38-cp38-macosx_10_9_universal2.whl", hash = "sha256:95b995d0c413f5d0428b3f880e8fe1660ff9396dcd1f9eedbc311f37b5652e16"},
    {file = "numpy-1.21.1-cp38-cp38-macosx_10_9_x86_64.whl", hash = "sha256:635e6bd31c9fb3d475c8f44a089569070d10a9ef18ed13738b03049280281267"},
    {file = "numpy-1.21.1-cp38-cp38-macosx_11_0_arm64.whl", hash = "sha256:4a3d5fb89bfe21be2ef47c0614b9c9c707b7362386c9a3ff1feae63e0267ccb6"},
    {file = "numpy-1.21.1-cp38-cp38-manylinux_2_12_i686.manylinux2010_i686.whl", hash = "sha256:8a326af80e86d0e9ce92bcc1e65c8ff88297de4fa14ee936cb2293d414c9ec63"},
    {file = "numpy-1.21.1-cp38-cp38-manylinux_2_12_x86_64.manylinux2010_x86_64.whl", hash = "sha256:791492091744b0fe390a6ce85cc1bf5149968ac7d5f0477288f78c89b385d9af"},
    {file = "numpy-1.21.1-cp38-cp38-manylinux_2_17_aarch64.manylinux2014_aarch64.whl", hash = "sha256:0318c465786c1f63ac05d7c4dbcecd4d2d7e13f0959b01b534ea1e92202235c5"},
    {file = "numpy-1.21.1-cp38-cp38-manylinux_2_5_i686.manylinux1_i686.whl", hash = "sha256:9a513bd9c1551894ee3d31369f9b07460ef223694098cf27d399513415855b68"},
    {file = "numpy-1.21.1-cp38-cp38-manylinux_2_5_x86_64.manylinux1_x86_64.whl", hash = "sha256:91c6f5fc58df1e0a3cc0c3a717bb3308ff850abdaa6d2d802573ee2b11f674a8"},
    {file = "numpy-1.21.1-cp38-cp38-win32.whl", hash = "sha256:978010b68e17150db8765355d1ccdd450f9fc916824e8c4e35ee620590e234cd"},
    {file = "numpy-1.21.1-cp38-cp38-win_amd64.whl", hash = "sha256:9749a40a5b22333467f02fe11edc98f022133ee1bfa8ab99bda5e5437b831214"},
    {file = "numpy-1.21.1-cp39-cp39-macosx_10_9_universal2.whl", hash = "sha256:d7a4aeac3b94af92a9373d6e77b37691b86411f9745190d2c351f410ab3a791f"},
    {file = "numpy-1.21.1-cp39-cp39-macosx_10_9_x86_64.whl", hash = "sha256:d9e7912a56108aba9b31df688a4c4f5cb0d9d3787386b87d504762b6754fbb1b"},
    {file = "numpy-1.21.1-cp39-cp39-macosx_11_0_arm64.whl", hash = "sha256:25b40b98ebdd272bc3020935427a4530b7d60dfbe1ab9381a39147834e985eac"},
    {file = "numpy-1.21.1-cp39-cp39-manylinux_2_12_i686.manylinux2010_i686.whl", hash = "sha256:8a92c5aea763d14ba9d6475803fc7904bda7decc2a0a68153f587ad82941fec1"},
    {file = "numpy-1.21.1-cp39-cp39-manylinux_2_12_x86_64.manylinux2010_x86_64.whl", hash = "sha256:05a0f648eb28bae4bcb204e6fd14603de2908de982e761a2fc78efe0f19e96e1"},
    {file = "numpy-1.21.1-cp39-cp39-manylinux_2_17_aarch64.manylinux2014_aarch64.whl", hash = "sha256:f01f28075a92eede918b965e86e8f0ba7b7797a95aa8d35e1cc8821f5fc3ad6a"},
    {file = "numpy-1.21.1-cp39-cp39-win32.whl", hash = "sha256:88c0b89ad1cc24a5efbb99ff9ab5db0f9a86e9cc50240177a571fbe9c2860ac2"},
    {file = "numpy-1.21.1-cp39-cp39-win_amd64.whl", hash = "sha256:01721eefe70544d548425a07c80be8377096a54118070b8a62476866d5208e33"},
    {file = "numpy-1.21.1-pp37-pypy37_pp73-manylinux_2_12_x86_64.manylinux2010_x86_64.whl", hash = "sha256:2d4d1de6e6fb3d28781c73fbde702ac97f03d79e4ffd6598b880b2d95d62ead4"},
    {file = "numpy-1.21.1.zip", hash = "sha256:dff4af63638afcc57a3dfb9e4b26d434a7a602d225b42d746ea7fe2edf1342fd"},
]
pandas = [
    {file = "pandas-1.3.2-cp37-cp37m-macosx_10_9_x86_64.whl", hash = "sha256:ba7ceb8abc6dbdb1e34612d1173d61e4941f1a1eb7e6f703b2633134ae6a6c89"},
    {file = "pandas-1.3.2-cp37-cp37m-manylinux_2_17_aarch64.manylinux2014_aarch64.whl", hash = "sha256:fcb71b1935249de80e3a808227189eee381d4d74a31760ced2df21eedc92a8e3"},
    {file = "pandas-1.3.2-cp37-cp37m-manylinux_2_17_x86_64.manylinux2014_x86_64.whl", hash = "sha256:fa54dc1d3e5d004a09ab0b1751473698011ddf03e14f1f59b84ad9a6ac630975"},
    {file = "pandas-1.3.2-cp37-cp37m-manylinux_2_5_i686.manylinux1_i686.manylinux_2_17_i686.manylinux2014_i686.whl", hash = "sha256:34ced9ce5d5b17b556486da7256961b55b471d64a8990b56e67a84ebeb259416"},
    {file = "pandas-1.3.2-cp37-cp37m-win32.whl", hash = "sha256:a56246de744baf646d1f3e050c4653d632bc9cd2e0605f41051fea59980e880a"},
    {file = "pandas-1.3.2-cp37-cp37m-win_amd64.whl", hash = "sha256:53b17e4debba26b7446b1e4795c19f94f0c715e288e08145e44bdd2865e819b3"},
    {file = "pandas-1.3.2-cp38-cp38-macosx_10_9_x86_64.whl", hash = "sha256:f07a9745ca075ae73a5ce116f5e58f691c0dc9de0bff163527858459df5c176f"},
    {file = "pandas-1.3.2-cp38-cp38-manylinux_2_17_aarch64.manylinux2014_aarch64.whl", hash = "sha256:c9e8e0ce5284ebebe110efd652c164ed6eab77f5de4c3533abc756302ee77765"},
    {file = "pandas-1.3.2-cp38-cp38-manylinux_2_17_x86_64.manylinux2014_x86_64.whl", hash = "sha256:59a78d7066d1c921a77e3306aa0ebf6e55396c097d5dfcc4df8defe3dcecb735"},
    {file = "pandas-1.3.2-cp38-cp38-manylinux_2_5_i686.manylinux1_i686.manylinux_2_17_i686.manylinux2014_i686.whl", hash = "sha256:132def05e73d292c949b02e7ef873debb77acc44a8b119d215921046f0c3a91d"},
    {file = "pandas-1.3.2-cp38-cp38-win32.whl", hash = "sha256:69e1b2f5811f46827722fd641fdaeedb26002bd1e504eacc7a8ec36bdc25393e"},
    {file = "pandas-1.3.2-cp38-cp38-win_amd64.whl", hash = "sha256:7996d311413379136baf0f3cf2a10e331697657c87ced3f17ac7c77f77fe34a3"},
    {file = "pandas-1.3.2-cp39-cp39-macosx_10_9_x86_64.whl", hash = "sha256:1738154049062156429a5cf2fd79a69c9f3fa4f231346a7ec6fd156cd1a9a621"},
    {file = "pandas-1.3.2-cp39-cp39-manylinux_2_17_aarch64.manylinux2014_aarch64.whl", hash = "sha256:9cce01f6d655b4add966fcd36c32c5d1fe84628e200626b3f5e2f40db2d16a0f"},
    {file = "pandas-1.3.2-cp39-cp39-manylinux_2_17_x86_64.manylinux2014_x86_64.whl", hash = "sha256:1099e2a0cd3a01ec62cca183fc1555833a2d43764950ef8cb5948c8abfc51014"},
    {file = "pandas-1.3.2-cp39-cp39-manylinux_2_5_i686.manylinux1_i686.manylinux_2_17_i686.manylinux2014_i686.whl", hash = "sha256:0cd5776be891331a3e6b425b5abeab9596abea18435c5982191356f9b24ae731"},
    {file = "pandas-1.3.2-cp39-cp39-win32.whl", hash = "sha256:66a95361b81b4ba04b699ecd2416b0591f40cd1e24c60a8bfe0d19009cfa575a"},
    {file = "pandas-1.3.2-cp39-cp39-win_amd64.whl", hash = "sha256:89f40e5d21814192802421df809f948247d39ffe171e45fe2ab4abf7bd4279d8"},
    {file = "pandas-1.3.2.tar.gz", hash = "sha256:cbcb84d63867af3411fa063af3de64902665bb5b3d40b25b2059e40603594e87"},
]
pathspec = [
    {file = "pathspec-0.9.0-py2.py3-none-any.whl", hash = "sha256:7d15c4ddb0b5c802d161efc417ec1a2558ea2653c2e8ad9c19098201dc1c993a"},
    {file = "pathspec-0.9.0.tar.gz", hash = "sha256:e564499435a2673d586f6b2130bb5b95f04a3ba06f81b8f895b651a3c76aabb1"},
]
python-dateutil = [
    {file = "python-dateutil-2.8.2.tar.gz", hash = "sha256:0123cacc1627ae19ddf3c27a5de5bd67ee4586fbdd6440d9748f8abb483d3e86"},
    {file = "python_dateutil-2.8.2-py2.py3-none-any.whl", hash = "sha256:961d03dc3453ebbc59dbdea9e4e11c5651520a876d0f4db161e8674aae935da9"},
]
pytz = [
    {file = "pytz-2021.1-py2.py3-none-any.whl", hash = "sha256:eb10ce3e7736052ed3623d49975ce333bcd712c7bb19a58b9e2089d4057d0798"},
    {file = "pytz-2021.1.tar.gz", hash = "sha256:83a4a90894bf38e243cf052c8b58f381bfe9a7a483f6a9cab140bc7f702ac4da"},
]
regex = [
    {file = "regex-2021.8.21-cp310-cp310-macosx_10_9_x86_64.whl", hash = "sha256:4b0c211c55d4aac4309c3209833c803fada3fc21cdf7b74abedda42a0c9dc3ce"},
    {file = "regex-2021.8.21-cp310-cp310-manylinux_2_17_aarch64.manylinux2014_aarch64.whl", hash = "sha256:5d5209c3ba25864b1a57461526ebde31483db295fc6195fdfc4f8355e10f7376"},
    {file = "regex-2021.8.21-cp310-cp310-manylinux_2_17_x86_64.manylinux2014_x86_64.whl", hash = "sha256:c835c30f3af5c63a80917b72115e1defb83de99c73bc727bddd979a3b449e183"},
    {file = "regex-2021.8.21-cp310-cp310-manylinux_2_5_i686.manylinux1_i686.manylinux_2_12_i686.manylinux2010_i686.whl", hash = "sha256:615fb5a524cffc91ab4490b69e10ae76c1ccbfa3383ea2fad72e54a85c7d47dd"},
    {file = "regex-2021.8.21-cp310-cp310-manylinux_2_5_i686.manylinux1_i686.manylinux_2_17_i686.manylinux2014_i686.whl", hash = "sha256:9966337353e436e6ba652814b0a957a517feb492a98b8f9d3b6ba76d22301dcc"},
    {file = "regex-2021.8.21-cp310-cp310-manylinux_2_5_x86_64.manylinux1_x86_64.manylinux_2_12_x86_64.manylinux2010_x86_64.whl", hash = "sha256:a49f85f0a099a5755d0a2cc6fc337e3cb945ad6390ec892332c691ab0a045882"},
    {file = "regex-2021.8.21-cp310-cp310-win32.whl", hash = "sha256:f93a9d8804f4cec9da6c26c8cfae2c777028b4fdd9f49de0302e26e00bb86504"},
    {file = "regex-2021.8.21-cp310-cp310-win_amd64.whl", hash = "sha256:a795829dc522227265d72b25d6ee6f6d41eb2105c15912c230097c8f5bfdbcdc"},
    {file = "regex-2021.8.21-cp36-cp36m-macosx_10_9_x86_64.whl", hash = "sha256:bca14dfcfd9aae06d7d8d7e105539bd77d39d06caaae57a1ce945670bae744e0"},
    {file = "regex-2021.8.21-cp36-cp36m-manylinux_2_17_aarch64.manylinux2014_aarch64.whl", hash = "sha256:41acdd6d64cd56f857e271009966c2ffcbd07ec9149ca91f71088574eaa4278a"},
    {file = "regex-2021.8.21-cp36-cp36m-manylinux_2_17_x86_64.manylinux2014_x86_64.whl", hash = "sha256:96f0c79a70642dfdf7e6a018ebcbea7ea5205e27d8e019cad442d2acfc9af267"},
    {file = "regex-2021.8.21-cp36-cp36m-manylinux_2_5_i686.manylinux1_i686.manylinux_2_12_i686.manylinux2010_i686.whl", hash = "sha256:45f97ade892ace20252e5ccecdd7515c7df5feeb42c3d2a8b8c55920c3551c30"},
    {file = "regex-2021.8.21-cp36-cp36m-manylinux_2_5_i686.manylinux1_i686.manylinux_2_17_i686.manylinux2014_i686.whl", hash = "sha256:1f9974826aeeda32a76648fc677e3125ade379869a84aa964b683984a2dea9f1"},
    {file = "regex-2021.8.21-cp36-cp36m-manylinux_2_5_x86_64.manylinux1_x86_64.manylinux_2_12_x86_64.manylinux2010_x86_64.whl", hash = "sha256:ea9753d64cba6f226947c318a923dadaf1e21cd8db02f71652405263daa1f033"},
    {file = "regex-2021.8.21-cp36-cp36m-win32.whl", hash = "sha256:ef9326c64349e2d718373415814e754183057ebc092261387a2c2f732d9172b2"},
    {file = "regex-2021.8.21-cp36-cp36m-win_amd64.whl", hash = "sha256:6dbd51c3db300ce9d3171f4106da18fe49e7045232630fe3d4c6e37cb2b39ab9"},
    {file = "regex-2021.8.21-cp37-cp37m-macosx_10_9_x86_64.whl", hash = "sha256:a89ca4105f8099de349d139d1090bad387fe2b208b717b288699ca26f179acbe"},
    {file = "regex-2021.8.21-cp37-cp37m-manylinux_2_17_aarch64.manylinux2014_aarch64.whl", hash = "sha256:d6c2b1d78ceceb6741d703508cd0e9197b34f6bf6864dab30f940f8886e04ade"},
    {file = "regex-2021.8.21-cp37-cp37m-manylinux_2_17_x86_64.manylinux2014_x86_64.whl", hash = "sha256:a34ba9e39f8269fd66ab4f7a802794ffea6d6ac500568ec05b327a862c21ce23"},
    {file = "regex-2021.8.21-cp37-cp37m-manylinux_2_5_i686.manylinux1_i686.manylinux_2_12_i686.manylinux2010_i686.whl", hash = "sha256:ecb6e7c45f9cd199c10ec35262b53b2247fb9a408803ed00ee5bb2b54aa626f5"},
    {file = "regex-2021.8.21-cp37-cp37m-manylinux_2_5_i686.manylinux1_i686.manylinux_2_17_i686.manylinux2014_i686.whl", hash = "sha256:330836ad89ff0be756b58758878409f591d4737b6a8cef26a162e2a4961c3321"},
    {file = "regex-2021.8.21-cp37-cp37m-manylinux_2_5_x86_64.manylinux1_x86_64.manylinux_2_12_x86_64.manylinux2010_x86_64.whl", hash = "sha256:71a904da8c9c02aee581f4452a5a988c3003207cb8033db426f29e5b2c0b7aea"},
    {file = "regex-2021.8.21-cp37-cp37m-win32.whl", hash = "sha256:b511c6009d50d5c0dd0bab85ed25bc8ad6b6f5611de3a63a59786207e82824bb"},
    {file = "regex-2021.8.21-cp37-cp37m-win_amd64.whl", hash = "sha256:93f9f720081d97acee38a411e861d4ce84cbc8ea5319bc1f8e38c972c47af49f"},
    {file = "regex-2021.8.21-cp38-cp38-macosx_10_9_x86_64.whl", hash = "sha256:3a195e26df1fbb40ebee75865f9b64ba692a5824ecb91c078cc665b01f7a9a36"},
    {file = "regex-2021.8.21-cp38-cp38-manylinux_2_17_aarch64.manylinux2014_aarch64.whl", hash = "sha256:06ba444bbf7ede3890a912bd4904bb65bf0da8f0d8808b90545481362c978642"},
    {file = "regex-2021.8.21-cp38-cp38-manylinux_2_17_x86_64.manylinux2014_x86_64.whl", hash = "sha256:8b8d551f1bd60b3e1c59ff55b9e8d74607a5308f66e2916948cafd13480b44a3"},
    {file = "regex-2021.8.21-cp38-cp38-manylinux_2_5_i686.manylinux1_i686.manylinux_2_12_i686.manylinux2010_i686.whl", hash = "sha256:ebbceefbffae118ab954d3cd6bf718f5790db66152f95202ebc231d58ad4e2c2"},
    {file = "regex-2021.8.21-cp38-cp38-manylinux_2_5_i686.manylinux1_i686.manylinux_2_17_i686.manylinux2014_i686.whl", hash = "sha256:ccd721f1d4fc42b541b633d6e339018a08dd0290dc67269df79552843a06ca92"},
    {file = "regex-2021.8.21-cp38-cp38-manylinux_2_5_x86_64.manylinux1_x86_64.manylinux_2_12_x86_64.manylinux2010_x86_64.whl", hash = "sha256:ae87ab669431f611c56e581679db33b9a467f87d7bf197ac384e71e4956b4456"},
    {file = "regex-2021.8.21-cp38-cp38-win32.whl", hash = "sha256:38600fd58c2996829480de7d034fb2d3a0307110e44dae80b6b4f9b3d2eea529"},
    {file = "regex-2021.8.21-cp38-cp38-win_amd64.whl", hash = "sha256:61e734c2bcb3742c3f454dfa930ea60ea08f56fd1a0eb52d8cb189a2f6be9586"},
    {file = "regex-2021.8.21-cp39-cp39-macosx_10_9_x86_64.whl", hash = "sha256:b091dcfee169ad8de21b61eb2c3a75f9f0f859f851f64fdaf9320759a3244239"},
    {file = "regex-2021.8.21-cp39-cp39-manylinux_2_17_aarch64.manylinux2014_aarch64.whl", hash = "sha256:640ccca4d0a6fcc6590f005ecd7b16c3d8f5d52174e4854f96b16f34c39d6cb7"},
    {file = "regex-2021.8.21-cp39-cp39-manylinux_2_17_x86_64.manylinux2014_x86_64.whl", hash = "sha256:ac95101736239260189f426b1e361dc1b704513963357dc474beb0f39f5b7759"},
    {file = "regex-2021.8.21-cp39-cp39-manylinux_2_5_i686.manylinux1_i686.manylinux_2_12_i686.manylinux2010_i686.whl", hash = "sha256:b79dc2b2e313565416c1e62807c7c25c67a6ff0a0f8d83a318df464555b65948"},
    {file = "regex-2021.8.21-cp39-cp39-manylinux_2_5_i686.manylinux1_i686.manylinux_2_17_i686.manylinux2014_i686.whl", hash = "sha256:d8b623fc429a38a881ab2d9a56ef30e8ea20c72a891c193f5ebbddc016e083ee"},
    {file = "regex-2021.8.21-cp39-cp39-manylinux_2_5_x86_64.manylinux1_x86_64.manylinux_2_12_x86_64.manylinux2010_x86_64.whl", hash = "sha256:8021dee64899f993f4b5cca323aae65aabc01a546ed44356a0965e29d7893c94"},
    {file = "regex-2021.8.21-cp39-cp39-win32.whl", hash = "sha256:d6ec4ae13760ceda023b2e5ef1f9bc0b21e4b0830458db143794a117fdbdc044"},
    {file = "regex-2021.8.21-cp39-cp39-win_amd64.whl", hash = "sha256:03840a07a402576b8e3a6261f17eb88abd653ad4e18ec46ef10c9a63f8c99ebd"},
    {file = "regex-2021.8.21.tar.gz", hash = "sha256:faf08b0341828f6a29b8f7dd94d5cf8cc7c39bfc3e67b78514c54b494b66915a"},
]
six = [
    {file = "six-1.16.0-py2.py3-none-any.whl", hash = "sha256:8abb2f1d86890a2dfb989f9a77cfcfd3e47c2a354b01111771326f8aa26e0254"},
    {file = "six-1.16.0.tar.gz", hash = "sha256:1e61c37477a1626458e36f7b1d82aa5c9b094fa4802892072e49de9c60c4c926"},
]
thrift = [
    {file = "thrift-0.13.0.tar.gz", hash = "sha256:9af1c86bf73433afc6010ed376a6c6aca2b54099cc0d61895f640870a9ae7d89"},
]
tomli = [
    {file = "tomli-1.2.1-py3-none-any.whl", hash = "sha256:8dd0e9524d6f386271a36b41dbf6c57d8e32fd96fd22b6584679dc569d20899f"},
    {file = "tomli-1.2.1.tar.gz", hash = "sha256:a5b75cb6f3968abb47af1b40c1819dc519ea82bcc065776a866e8d74c5ca9442"},
]
typed-ast = [
    {file = "typed_ast-1.4.3-cp35-cp35m-manylinux1_i686.whl", hash = "sha256:2068531575a125b87a41802130fa7e29f26c09a2833fea68d9a40cf33902eba6"},
    {file = "typed_ast-1.4.3-cp35-cp35m-manylinux1_x86_64.whl", hash = "sha256:c907f561b1e83e93fad565bac5ba9c22d96a54e7ea0267c708bffe863cbe4075"},
    {file = "typed_ast-1.4.3-cp35-cp35m-manylinux2014_aarch64.whl", hash = "sha256:1b3ead4a96c9101bef08f9f7d1217c096f31667617b58de957f690c92378b528"},
    {file = "typed_ast-1.4.3-cp35-cp35m-win32.whl", hash = "sha256:dde816ca9dac1d9c01dd504ea5967821606f02e510438120091b84e852367428"},
    {file = "typed_ast-1.4.3-cp35-cp35m-win_amd64.whl", hash = "sha256:777a26c84bea6cd934422ac2e3b78863a37017618b6e5c08f92ef69853e765d3"},
    {file = "typed_ast-1.4.3-cp36-cp36m-macosx_10_9_x86_64.whl", hash = "sha256:f8afcf15cc511ada719a88e013cec87c11aff7b91f019295eb4530f96fe5ef2f"},
    {file = "typed_ast-1.4.3-cp36-cp36m-manylinux1_i686.whl", hash = "sha256:52b1eb8c83f178ab787f3a4283f68258525f8d70f778a2f6dd54d3b5e5fb4341"},
    {file = "typed_ast-1.4.3-cp36-cp36m-manylinux1_x86_64.whl", hash = "sha256:01ae5f73431d21eead5015997ab41afa53aa1fbe252f9da060be5dad2c730ace"},
    {file = "typed_ast-1.4.3-cp36-cp36m-manylinux2014_aarch64.whl", hash = "sha256:c190f0899e9f9f8b6b7863debfb739abcb21a5c054f911ca3596d12b8a4c4c7f"},
    {file = "typed_ast-1.4.3-cp36-cp36m-win32.whl", hash = "sha256:398e44cd480f4d2b7ee8d98385ca104e35c81525dd98c519acff1b79bdaac363"},
    {file = "typed_ast-1.4.3-cp36-cp36m-win_amd64.whl", hash = "sha256:bff6ad71c81b3bba8fa35f0f1921fb24ff4476235a6e94a26ada2e54370e6da7"},
    {file = "typed_ast-1.4.3-cp37-cp37m-macosx_10_9_x86_64.whl", hash = "sha256:0fb71b8c643187d7492c1f8352f2c15b4c4af3f6338f21681d3681b3dc31a266"},
    {file = "typed_ast-1.4.3-cp37-cp37m-manylinux1_i686.whl", hash = "sha256:760ad187b1041a154f0e4d0f6aae3e40fdb51d6de16e5c99aedadd9246450e9e"},
    {file = "typed_ast-1.4.3-cp37-cp37m-manylinux1_x86_64.whl", hash = "sha256:5feca99c17af94057417d744607b82dd0a664fd5e4ca98061480fd8b14b18d04"},
    {file = "typed_ast-1.4.3-cp37-cp37m-manylinux2014_aarch64.whl", hash = "sha256:95431a26309a21874005845c21118c83991c63ea800dd44843e42a916aec5899"},
    {file = "typed_ast-1.4.3-cp37-cp37m-win32.whl", hash = "sha256:aee0c1256be6c07bd3e1263ff920c325b59849dc95392a05f258bb9b259cf39c"},
    {file = "typed_ast-1.4.3-cp37-cp37m-win_amd64.whl", hash = "sha256:9ad2c92ec681e02baf81fdfa056fe0d818645efa9af1f1cd5fd6f1bd2bdfd805"},
    {file = "typed_ast-1.4.3-cp38-cp38-macosx_10_9_x86_64.whl", hash = "sha256:b36b4f3920103a25e1d5d024d155c504080959582b928e91cb608a65c3a49e1a"},
    {file = "typed_ast-1.4.3-cp38-cp38-manylinux1_i686.whl", hash = "sha256:067a74454df670dcaa4e59349a2e5c81e567d8d65458d480a5b3dfecec08c5ff"},
    {file = "typed_ast-1.4.3-cp38-cp38-manylinux1_x86_64.whl", hash = "sha256:7538e495704e2ccda9b234b82423a4038f324f3a10c43bc088a1636180f11a41"},
    {file = "typed_ast-1.4.3-cp38-cp38-manylinux2014_aarch64.whl", hash = "sha256:af3d4a73793725138d6b334d9d247ce7e5f084d96284ed23f22ee626a7b88e39"},
    {file = "typed_ast-1.4.3-cp38-cp38-win32.whl", hash = "sha256:f2362f3cb0f3172c42938946dbc5b7843c2a28aec307c49100c8b38764eb6927"},
    {file = "typed_ast-1.4.3-cp38-cp38-win_amd64.whl", hash = "sha256:dd4a21253f42b8d2b48410cb31fe501d32f8b9fbeb1f55063ad102fe9c425e40"},
    {file = "typed_ast-1.4.3-cp39-cp39-macosx_10_9_x86_64.whl", hash = "sha256:f328adcfebed9f11301eaedfa48e15bdece9b519fb27e6a8c01aa52a17ec31b3"},
    {file = "typed_ast-1.4.3-cp39-cp39-manylinux1_i686.whl", hash = "sha256:2c726c276d09fc5c414693a2de063f521052d9ea7c240ce553316f70656c84d4"},
    {file = "typed_ast-1.4.3-cp39-cp39-manylinux1_x86_64.whl", hash = "sha256:cae53c389825d3b46fb37538441f75d6aecc4174f615d048321b716df2757fb0"},
    {file = "typed_ast-1.4.3-cp39-cp39-manylinux2014_aarch64.whl", hash = "sha256:b9574c6f03f685070d859e75c7f9eeca02d6933273b5e69572e5ff9d5e3931c3"},
    {file = "typed_ast-1.4.3-cp39-cp39-win32.whl", hash = "sha256:209596a4ec71d990d71d5e0d312ac935d86930e6eecff6ccc7007fe54d703808"},
    {file = "typed_ast-1.4.3-cp39-cp39-win_amd64.whl", hash = "sha256:9c6d1a54552b5330bc657b7ef0eae25d00ba7ffe85d9ea8ae6540d2197a3788c"},
    {file = "typed_ast-1.4.3.tar.gz", hash = "sha256:fb1bbeac803adea29cedd70781399c99138358c26d05fcbd23c13016b7f5ec65"},
]
typing-extensions = [
    {file = "typing_extensions-3.10.0.0-py2-none-any.whl", hash = "sha256:0ac0f89795dd19de6b97debb0c6af1c70987fd80a2d62d1958f7e56fcc31b497"},
    {file = "typing_extensions-3.10.0.0-py3-none-any.whl", hash = "sha256:779383f6086d90c99ae41cf0ff39aac8a7937a9283ce0a414e5dd782f4c94a84"},
    {file = "typing_extensions-3.10.0.0.tar.gz", hash = "sha256:50b6f157849174217d0656f99dc82fe932884fb250826c18350e159ec6cdf342"},
]
zipp = [
    {file = "zipp-3.5.0-py3-none-any.whl", hash = "sha256:957cfda87797e389580cb8b9e3870841ca991e2125350677b2ca83a0e99390a3"},
    {file = "zipp-3.5.0.tar.gz", hash = "sha256:f5812b1e007e48cff63449a5e9f4e7ebea716b4111f9c4f9a645f91d579bf0c4"},
]
